
Microsoft Visual Studio Solution File, Format Version 12.00
# Visual Studio Version 17
VisualStudioVersion = 17.14.36301.6 d17.14
MinimumVisualStudioVersion = 10.0.40219.1
Project("{FAE04EC0-301F-11D3-BF4B-00C04F79EFBC}") = "Methodassignment2", "Methodassignment2.csproj", "{A6D8FD2B-DDBA-43DF-A297-A6960B0F570B}"
EndProject
Global
	GlobalSection(SolutionConfigurationPlatforms) = preSolution
		Debug|Any CPU = Debug|Any CPU
		Release|Any CPU = Release|Any CPU
	EndGlobalSection
	GlobalSection(ProjectConfigurationPlatforms) = postSolution
		{A6D8FD2B-DDBA-43DF-A297-A6960B0F570B}.Debug|Any CPU.ActiveCfg = Debug|Any CPU
		{A6D8FD2B-DDBA-43DF-A297-A6960B0F570B}.Debug|Any CPU.Build.0 = Debug|Any CPU
		{A6D8FD2B-DDBA-43DF-A297-A6960B0F570B}.Release|Any CPU.ActiveCfg = Release|Any CPU
		{A6D8FD2B-DDBA-43DF-A297-A6960B0F570B}.Release|Any CPU.Build.0 = Release|Any CPU
	EndGlobalSection
	GlobalSection(SolutionProperties) = preSolution
		HideSolutionNode = FALSE
	EndGlobalSection
	GlobalSection(ExtensibilityGlobals) = postSolution
		SolutionGuid = {5115FB2B-45C0-4F14-918D-D8054F7F42DF}
	EndGlobalSection
EndGlobal
